
Microsoft Visual Studio Solution File, Format Version 12.00
# Visual Studio Version 16
VisualStudioVersion = 16.0.29503.13
MinimumVisualStudioVersion = 10.0.40219.1
Project("{FAE04EC0-301F-11D3-BF4B-00C04F79EFBC}") = "SalesWebMvc", "SalesWebMvc\SalesWebMvc.csproj", "{ED75DF43-F6D2-46E4-A29C-210929B54CC8}"
EndProject
Global
	GlobalSection(SolutionConfigurationPlatforms) = preSolution
		Debug|Any CPU = Debug|Any CPU
		Release|Any CPU = Release|Any CPU
	EndGlobalSection
	GlobalSection(ProjectConfigurationPlatforms) = postSolution
		{ED75DF43-F6D2-46E4-A29C-210929B54CC8}.Debug|Any CPU.ActiveCfg = Debug|Any CPU
		{ED75DF43-F6D2-46E4-A29C-210929B54CC8}.Debug|Any CPU.Build.0 = Debug|Any CPU
		{ED75DF43-F6D2-46E4-A29C-210929B54CC8}.Release|Any CPU.ActiveCfg = Release|Any CPU
		{ED75DF43-F6D2-46E4-A29C-210929B54CC8}.Release|Any CPU.Build.0 = Release|Any CPU
	EndGlobalSection
	GlobalSection(SolutionProperties) = preSolution
		HideSolutionNode = FALSE
	EndGlobalSection
	GlobalSection(ExtensibilityGlobals) = postSolution
		SolutionGuid = {BD64A59C-ED69-4E92-8627-B823F287F65F}
	EndGlobalSection
EndGlobal
